{
  "name": "photo-geotagger",
  "version": "0.0.0",
  "lockfileVersion": 3,
  "requires": true,
  "packages": {
    "": {
      "name": "photo-geotagger",
      "version": "0.0.0",
      "workspaces": [
        "packages/*",
        "spike"
      ],
      "devDependencies": {
        "typescript": "^5.9.0"
      },
      "engines": {
        "node": ">=22.18.0"
      }
    },
    "node_modules/@6over3/zeroperl-ts": {
      "version": "1.0.10",
      "resolved": "https://registry.npmjs.org/@6over3/zeroperl-ts/-/zeroperl-ts-1.0.10.tgz",
      "integrity": "sha512-d7fBgN1UaP9BR6kZMyNsjIrxPd0QLqqx29VSprhK66m1csm/7E/anr+rEfp3gJDSne5FfDpM6aKtDGHyXG/vYQ==",
      "license": "Apache-2.0"
    },
    "node_modules/@geotagger/core": {
      "resolved": "packages/core",
      "link": true
    },
    "node_modules/@uswriting/exiftool": {
      "version": "1.0.9",
      "resolved": "https://registry.npmjs.org/@uswriting/exiftool/-/exiftool-1.0.9.tgz",
      "integrity": "sha512-tziE5oH/Wf4gJ/g/ZVGBxCjnoHz27SxXRZ4KoFa4c0qN/6uBfvBFEQ272dq7LxbzhXkvGqHdmDyNJe/WUZCV5A==",
      "license": "Apache-2.0",
      "dependencies": {
        "@6over3/zeroperl-ts": "1.0.10"
      }
    },
    "node_modules/spike": {
      "resolved": "spike",
      "link": true
    },
    "node_modules/typescript": {
      "version": "5.9.3",
      "resolved": "https://registry.npmjs.org/typescript/-/typescript-5.9.3.tgz",
      "integrity": "sha512-jl1vZzPDinLr9eUt3J/t7V6FgNEw9QjvBPdysz9KfQDD41fQrC2Y4vKQdiaUpFT4bXlb1RHhLpp8wtm6M5TgSw==",
      "dev": true,
      "license": "Apache-2.0",
      "bin": {
        "tsc": "bin/tsc",
        "tsserver": "bin/tsserver"
      },
      "engines": {
        "node": ">=14.17"
      }
    },
    "packages/core": {
      "name": "@geotagger/core",
      "version": "0.0.0"
    },
    "spike": {
      "version": "0.0.0",
      "dependencies": {
        "@uswriting/exiftool": "latest"
      }
    }
  }
}
